Microsoft Visual Studio Solution File, Format Version 11.00
# Visual Studio 2008

Project("{ECF5A8C6-BE54-4541-7FC2-54E49216057F}") = "Exploding Elements", "Assembly-CSharp-firstpass.csproj", "{B252454A-78AD-D4E5-B867-0EA63F33E751}"
EndProject
Project("{ECF5A8C6-BE54-4541-7FC2-54E49216057F}") = "Exploding Elements", "Assembly-CSharp.csproj", "{95180636-1633-A405-2B7D-5CBE7D849B45}"
EndProject
Global
	GlobalSection(SolutionConfigurationPlatforms) = preSolution
		Debug|Any CPU = Debug|Any CPU
		Release|Any CPU = Release|Any CPU
	EndGlobalSection
	GlobalSection(ProjectConfigurationPlatforms) = postSolution
		{B252454A-78AD-D4E5-B867-0EA63F33E751}.Debug|Any CPU.ActiveCfg = Debug|Any CPU
		{B252454A-78AD-D4E5-B867-0EA63F33E751}.Debug|Any CPU.Build.0 = Debug|Any CPU
		{B252454A-78AD-D4E5-B867-0EA63F33E751}.Release|Any CPU.ActiveCfg = Release|Any CPU
		{B252454A-78AD-D4E5-B867-0EA63F33E751}.Release|Any CPU.Build.0 = Release|Any CPU
		{95180636-1633-A405-2B7D-5CBE7D849B45}.Debug|Any CPU.ActiveCfg = Debug|Any CPU
		{95180636-1633-A405-2B7D-5CBE7D849B45}.Debug|Any CPU.Build.0 = Debug|Any CPU
		{95180636-1633-A405-2B7D-5CBE7D849B45}.Release|Any CPU.ActiveCfg = Release|Any CPU
		{95180636-1633-A405-2B7D-5CBE7D849B45}.Release|Any CPU.Build.0 = Release|Any CPU
	EndGlobalSection
	GlobalSection(SolutionProperties) = preSolution
		HideSolutionNode = FALSE
	EndGlobalSection
	GlobalSection(MonoDevelopProperties) = preSolution
		StartupItem = Assembly-CSharp.csproj
	EndGlobalSection
EndGlobal
